
Microsoft Visual Studio Solution File, Format Version 12.00
# Visual Studio Version 17
VisualStudioVersion = 17.9.34723.18
MinimumVisualStudioVersion = 10.0.40219.1
Project("{FAE04EC0-301F-11D3-BF4B-00C04F79EFBC}") = "HRMangmentSystem.API", "HRMangmentSystem.API\HRMangmentSystem.API.csproj", "{74FF50E6-3AC2-4F8F-8123-B31CBCA3DDED}"
EndProject
Project("{FAE04EC0-301F-11D3-BF4B-00C04F79EFBC}") = "HRMangmentSystem.DataAccessLayer", "HRMangmentSystem.DataAccessLayer\HRMangmentSystem.DataAccessLayer.csproj", "{4FFAD49B-FAAA-4AD4-932D-F303B0AF089C}"
EndProject
Project("{FAE04EC0-301F-11D3-BF4B-00C04F79EFBC}") = "HRMangmentSystem.BusinessLayer", "HRMangmentSystem.BusinessLayer\HRMangmentSystem.BusinessLayer.csproj", "{141F4B86-20AD-49FB-BEE5-48D3951AC90B}"
EndProject
Global
	GlobalSection(SolutionConfigurationPlatforms) = preSolution
		Debug|Any CPU = Debug|Any CPU
		Release|Any CPU = Release|Any CPU
	EndGlobalSection
	GlobalSection(ProjectConfigurationPlatforms) = postSolution
		{74FF50E6-3AC2-4F8F-8123-B31CBCA3DDED}.Debug|Any CPU.ActiveCfg = Debug|Any CPU
		{74FF50E6-3AC2-4F8F-8123-B31CBCA3DDED}.Debug|Any CPU.Build.0 = Debug|Any CPU
		{74FF50E6-3AC2-4F8F-8123-B31CBCA3DDED}.Release|Any CPU.ActiveCfg = Release|Any CPU
		{74FF50E6-3AC2-4F8F-8123-B31CBCA3DDED}.Release|Any CPU.Build.0 = Release|Any CPU
		{4FFAD49B-FAAA-4AD4-932D-F303B0AF089C}.Debug|Any CPU.ActiveCfg = Debug|Any CPU
		{4FFAD49B-FAAA-4AD4-932D-F303B0AF089C}.Debug|Any CPU.Build.0 = Debug|Any CPU
		{4FFAD49B-FAAA-4AD4-932D-F303B0AF089C}.Release|Any CPU.ActiveCfg = Release|Any CPU
		{4FFAD49B-FAAA-4AD4-932D-F303B0AF089C}.Release|Any CPU.Build.0 = Release|Any CPU
		{141F4B86-20AD-49FB-BEE5-48D3951AC90B}.Debug|Any CPU.ActiveCfg = Debug|Any CPU
		{141F4B86-20AD-49FB-BEE5-48D3951AC90B}.Debug|Any CPU.Build.0 = Debug|Any CPU
		{141F4B86-20AD-49FB-BEE5-48D3951AC90B}.Release|Any CPU.ActiveCfg = Release|Any CPU
		{141F4B86-20AD-49FB-BEE5-48D3951AC90B}.Release|Any CPU.Build.0 = Release|Any CPU
	EndGlobalSection
	GlobalSection(SolutionProperties) = preSolution
		HideSolutionNode = FALSE
	EndGlobalSection
	GlobalSection(ExtensibilityGlobals) = postSolution
		SolutionGuid = {97E3A261-7194-4530-BD48-74404FE4C6F1}
	EndGlobalSection
EndGlobal
